// !$*UTF8*$!
{
	archiveVersion = 1;
	classes = {
	};
	objectVersion = 46;
	objects = {

/* Begin PBXBuildFile section */
		4E0900B11CE0286300A8AEA7 /* main.m in Sources */ = {isa = PBXBuildFile; fileRef = 4E0900B01CE0286300A8AEA7 /* main.m */; };
		4E0900B91CE0287300A8AEA7 /* People.m in Sources */ = {isa = PBXBuildFile; fileRef = 4E0900B81CE0287300A8AEA7 /* People.m */; };
/* End PBXBuildFile section */

/* Begin PBXCopyFilesBuildPhase section */
		4E0900AB1CE0286300A8AEA7 /* CopyFiles */ = {
			isa = PBXCopyFilesBuildPhase;
			buildActionMask = 2147483647;
			dstPath = /usr/share/man/man1/;
			dstSubfolderSpec = 0;
			files = (
			);
			runOnlyForDeploymentPostprocessing = 1;
		};
/* End PBXCopyFilesBuildPhase section */

/* Begin PBXFileReference section */
		4E0900AD1CE0286300A8AEA7 /* runtime 之 归档与解档 */ = {isa = PBXFileReference; explicitFileType = "compiled.mach-o.executable"; includeInIndex = 0; path = "runtime 之 归档与解档"; sourceTree = BUILT_PRODUCTS_DIR; };
		4E0900B01CE0286300A8AEA7 /* main.m */ = {isa = PBXFileReference; lastKnownFileType = sourcecode.c.objc; path = main.m; sourceTree = "<group>"; };
		4E0900B71CE0287300A8AEA7 /* People.h */ = {isa = PBXFileReference; fileEncoding = 4; lastKnownFileType = sourcecode.c.h; path = People.h; sourceTree = "<group>"; };
		4E0900B81CE0287300A8AEA7 /* People.m */ = {isa = PBXFileReference; fileEncoding = 4; lastKnownFileType = sourcecode.c.objc; path = People.m; sourceTree = "<group>"; };
/* End PBXFileReference section */

/* Begin PBXFrameworksBuildPhase section */
		4E0900AA1CE0286300A8AEA7 /* Frameworks */ = {
			isa = PBXFrameworksBuildPhase;
			buildActionMask = 2147483647;
			files = (
			);
			runOnlyForDeploymentPostprocessing = 0;
		};
/* End PBXFrameworksBuildPhase section */

/* Begin PBXGroup section */
		4E0900A41CE0286300A8AEA7 = {
			isa = PBXGroup;
			children = (
				4E0900AF1CE0286300A8AEA7 /* runtime 之 归档与解档 */,
				4E0900AE1CE0286300A8AEA7 /* Products */,
			);
			sourceTree = "<group>";
		};
		4E0900AE1CE0286300A8AEA7 /* Products */ = {
			isa = PBXGroup;
			children = (
				4E0900AD1CE0286300A8AEA7 /* runtime 之 归档与解档 */,
			);
			name = Products;
			sourceTree = "<group>";
		};
		4E0900AF1CE0286300A8AEA7 /* runtime 之 归档与解档 */ = {
			isa = PBXGroup;
			children = (
				4E0900B71CE0287300A8AEA7 /* People.h */,
				4E0900B81CE0287300A8AEA7 /* People.m */,
				4E0900B01CE0286300A8AEA7 /* main.m */,
			);
			path = "runtime 之 归档与解档";
			sourceTree = "<group>";
		};
/* End PBXGroup section */

/* Begin PBXNativeTarget section */
		4E0900AC1CE0286300A8AEA7 /* runtime 之 归档与解档 */ = {
			isa = PBXNativeTarget;
			buildConfigurationList = 4E0900B41CE0286300A8AEA7 /* Build configuration list for PBXNativeTarget "runtime 之 归档与解档" */;
			buildPhases = (
				4E0900A91CE0286300A8AEA7 /* Sources */,
				4E0900AA1CE0286300A8AEA7 /* Frameworks */,
				4E0900AB1CE0286300A8AEA7 /* CopyFiles */,
			);
			buildRules = (
			);
			dependencies = (
			);
			name = "runtime 之 归档与解档";
			productName = "runtime 之 归档与解档";
			productReference = 4E0900AD1CE0286300A8AEA7 /* runtime 之 归档与解档 */;
			productType = "com.apple.product-type.tool";
		};
/* End PBXNativeTarget section */

/* Begin PBXProject section */
		4E0900A51CE0286300A8AEA7 /* Project object */ = {
			isa = PBXProject;
			attributes = {
				LastUpgradeCheck = 0730;
				ORGANIZATIONNAME = "蔡欣东";
				TargetAttributes = {
					4E0900AC1CE0286300A8AEA7 = {
						CreatedOnToolsVersion = 7.3;
					};
				};
			};
			buildConfigurationList = 4E0900A81CE0286300A8AEA7 /* Build configuration list for PBXProject "runtime 之 归档与解档" */;
			compatibilityVersion = "Xcode 3.2";
			developmentRegion = English;
			hasScannedForEncodings = 0;
			knownRegions = (
				en,
			);
			mainGroup = 4E0900A41CE0286300A8AEA7;
			productRefGroup = 4E0900AE1CE0286300A8AEA7 /* Products */;
			projectDirPath = "";
			projectRoot = "";
			targets = (
				4E0900AC1CE0286300A8AEA7 /* runtime 之 归档与解档 */,
			);
		};
/* End PBXProject section */

/* Begin PBXSourcesBuildPhase section */
		4E0900A91CE0286300A8AEA7 /* Sources */ = {
			isa = PBXSourcesBuildPhase;
			buildActionMask = 2147483647;
			files = (
				4E0900B91CE0287300A8AEA7 /* People.m in Sources */,
				4E0900B11CE0286300A8AEA7 /* main.m in Sources */,
			);
			runOnlyForDeploymentPostprocessing = 0;
		};
/* End PBXSourcesBuildPhase section */

/* Begin XCBuildConfiguration section */
		4E0900B21CE0286300A8AEA7 /* Debug */ = {
			isa = XCBuildConfiguration;
			buildSettings = {
				ALWAYS_SEARCH_USER_PATHS = NO;
				CLANG_ANALYZER_NONNULL = YES;
				CLANG_CXX_LANGUAGE_STANDARD = "gnu++0x";
				CLANG_CXX_LIBRARY = "libc++";
				CLANG_ENABLE_MODULES = YES;
				CLANG_ENABLE_OBJC_ARC = YES;
				CLANG_WARN_BOOL_CONVERSION = YES;
				CLANG_WARN_CONSTANT_CONVERSION = YES;
				CLANG_WARN_DIRECT_OBJC_ISA_USAGE = YES_ERROR;
				CLANG_WARN_EMPTY_BODY = YES;
				CLANG_WARN_ENUM_CONVERSION = YES;
				CLANG_WARN_INT_CONVERSION = YES;
				CLANG_WARN_OBJC_ROOT_CLASS = YES_ERROR;
				CLANG_WARN_UNREACHABLE_CODE = YES;
				CLANG_WARN__DUPLICATE_METHOD_MATCH = YES;
				CODE_SIGN_IDENTITY = "-";
				COPY_PHASE_STRIP = NO;
				DEBUG_INFORMATION_FORMAT = dwarf;
				ENABLE_STRICT_OBJC_MSGSEND = YES;
				ENABLE_TESTABILITY = YES;
				GCC_C_LANGUAGE_STANDARD = gnu99;
				GCC_DYNAMIC_NO_PIC = NO;
				GCC_NO_COMMON_BLOCKS = YES;
				GCC_OPTIMIZATION_LEVEL = 0;
				GCC_PREPROCESSOR_DEFINITIONS = (
					"DEBUG=1",
					"$(inherited)",
				);
				GCC_WARN_64_TO_32_BIT_CONVERSION = YES;
				GCC_WARN_ABOUT_RETURN_TYPE = YES_ERROR;
				GCC_WARN_UNDECLARED_SELECTOR = YES;
				GCC_WARN_UNINITIALIZED_AUTOS = YES_AGGRESSIVE;
				GCC_WARN_UNUSED_FUNCTION = YES;
				GCC_WARN_UNUSED_VARIABLE = YES;
				MACOSX_DEPLOYMENT_TARGET = 10.11;
				MTL_ENABLE_DEBUG_INFO = YES;
				ONLY_ACTIVE_ARCH = YES;
				SDKROOT = macosx;
			};
			name = Debug;
		};
		4E0900B31CE0286300A8AEA7 /* Release */ = {
			isa = XCBuildConfiguration;
			buildSettings = {
				ALWAYS_SEARCH_USER_PATHS = NO;
				CLANG_ANALYZER_NONNULL = YES;
				CLANG_CXX_LANGUAGE_STANDARD = "gnu++0x";
				CLANG_CXX_LIBRARY = "libc++";
				CLANG_ENABLE_MODULES = YES;
				CLANG_ENABLE_OBJC_ARC = YES;
				CLANG_WARN_BOOL_CONVERSION = YES;
				CLANG_WARN_CONSTANT_CONVERSION = YES;
				CLANG_WARN_DIRECT_OBJC_ISA_USAGE = YES_ERROR;
				CLANG_WARN_EMPTY_BODY = YES;
				CLANG_WARN_ENUM_CONVERSION = YES;
				CLANG_WARN_INT_CONVERSION = YES;
				CLANG_WARN_OBJC_ROOT_CLASS = YES_ERROR;
				CLANG_WARN_UNREACHABLE_CODE = YES;
				CLANG_WARN__DUPLICATE_METHOD_MATCH = YES;
				CODE_SIGN_IDENTITY = "-";
				COPY_PHASE_STRIP = NO;
				DEBUG_INFORMATION_FORMAT = "dwarf-with-dsym";
				ENABLE_NS_ASSERTIONS = NO;
				ENABLE_STRICT_OBJC_MSGSEND = YES;
				GCC_C_LANGUAGE_STANDARD = gnu99;
				GCC_NO_COMMON_BLOCKS = YES;
				GCC_WARN_64_TO_32_BIT_CONVERSION = YES;
				GCC_WARN_ABOUT_RETURN_TYPE = YES_ERROR;
				GCC_WARN_UNDECLARED_SELECTOR = YES;
				GCC_WARN_UNINITIALIZED_AUTOS = YES_AGGRESSIVE;
				GCC_WARN_UNUSED_FUNCTION = YES;
				GCC_WARN_UNUSED_VARIABLE = YES;
				MACOSX_DEPLOYMENT_TARGET = 10.11;
				MTL_ENABLE_DEBUG_INFO = NO;
				SDKROOT = macosx;
			};
			name = Release;
		};
		4E0900B51CE0286300A8AEA7 /* Debug */ = {
			isa = XCBuildConfiguration;
			buildSettings = {
				PRODUCT_NAME = "$(TARGET_NAME)";
			};
			name = Debug;
		};
		4E0900B61CE0286300A8AEA7 /* Release */ = {
			isa = XCBuildConfiguration;
			buildSettings = {
				PRODUCT_NAME = "$(TARGET_NAME)";
			};
			name = Release;
		};
/* End XCBuildConfiguration section */

/* Begin XCConfigurationList section */
		4E0900A81CE0286300A8AEA7 /* Build configuration list for PBXProject "runtime 之 归档与解档" */ = {
			isa = XCConfigurationList;
			buildConfigurations = (
				4E0900B21CE0286300A8AEA7 /* Debug */,
				4E0900B31CE0286300A8AEA7 /* Release */,
			);
			defaultConfigurationIsVisible = 0;
			defaultConfigurationName = Release;
		};
		4E0900B41CE0286300A8AEA7 /* Build configuration list for PBXNativeTarget "runtime 之 归档与解档" */ = {
			isa = XCConfigurationList;
			buildConfigurations = (
				4E0900B51CE0286300A8AEA7 /* Debug */,
				4E0900B61CE0286300A8AEA7 /* Release */,
			);
			defaultConfigurationIsVisible = 0;
		};
/* End XCConfigurationList section */
	};
	rootObject = 4E0900A51CE0286300A8AEA7 /* Project object */;
}
